{
  "name": "openzeppelin-solidity",
  "version": "5.6.1",
  "lockfileVersion": 3,
  "requires": true,
  "packages": {
    "": {
      "name": "openzeppelin-solidity",
      "version": "5.6.1",
      "license": "MIT",
      "devDependencies": {}
    },
    "scripts/solhint-custom": {
      "name": "solhint-plugin-openzeppelin",
      "version": "0.0.0",
      "extraneous": true,
      "dependencies": {
        "minimatch": "^3.1.2"
      }
    }
  }
}
